
Microsoft Visual Studio Solution File, Format Version 12.00
# Visual Studio Version 17
VisualStudioVersion = 17.10.35004.147
MinimumVisualStudioVersion = 10.0.40219.1
Project("{FAE04EC0-301F-11D3-BF4B-00C04F79EFBC}") = "Entity", "Entity.csproj", "{F344C4B1-74AE-4928-8237-042D79A7C802}"
EndProject
Project("{FAE04EC0-301F-11D3-BF4B-00C04F79EFBC}") = "Diagram", "..\Diagram\Diagram.csproj", "{7B71EBD8-A91B-4B9E-BA74-67DD8ABC8506}"
EndProject
Global
	GlobalSection(SolutionConfigurationPlatforms) = preSolution
		Debug|Any CPU = Debug|Any CPU
		Release|Any CPU = Release|Any CPU
	EndGlobalSection
	GlobalSection(ProjectConfigurationPlatforms) = postSolution
		{F344C4B1-74AE-4928-8237-042D79A7C802}.Debug|Any CPU.ActiveCfg = Debug|Any CPU
		{F344C4B1-74AE-4928-8237-042D79A7C802}.Debug|Any CPU.Build.0 = Debug|Any CPU
		{F344C4B1-74AE-4928-8237-042D79A7C802}.Release|Any CPU.ActiveCfg = Release|Any CPU
		{F344C4B1-74AE-4928-8237-042D79A7C802}.Release|Any CPU.Build.0 = Release|Any CPU
		{7B71EBD8-A91B-4B9E-BA74-67DD8ABC8506}.Debug|Any CPU.ActiveCfg = Debug|Any CPU
		{7B71EBD8-A91B-4B9E-BA74-67DD8ABC8506}.Debug|Any CPU.Build.0 = Debug|Any CPU
		{7B71EBD8-A91B-4B9E-BA74-67DD8ABC8506}.Release|Any CPU.ActiveCfg = Release|Any CPU
		{7B71EBD8-A91B-4B9E-BA74-67DD8ABC8506}.Release|Any CPU.Build.0 = Release|Any CPU
	EndGlobalSection
	GlobalSection(SolutionProperties) = preSolution
		HideSolutionNode = FALSE
	EndGlobalSection
	GlobalSection(ExtensibilityGlobals) = postSolution
		SolutionGuid = {D4328C51-51EA-413B-9B4B-C3B222000842}
	EndGlobalSection
EndGlobal
